
Microsoft Visual Studio Solution File, Format Version 12.00
# Visual Studio Version 16
VisualStudioVersion = 16.0.30011.22
MinimumVisualStudioVersion = 10.0.40219.1
Project("{FAE04EC0-301F-11D3-BF4B-00C04F79EFBC}") = "TestEditor", "TestEditor\TestEditor.csproj", "{12B85A96-7FD5-4018-89B5-E7C123251DA2}"
EndProject
Project("{2150E333-8FDC-42A3-9474-1A3956D46DE8}") = "Dll", "Dll", "{9541540F-988D-48A5-A106-3F45B523082E}"
EndProject
Project("{FAE04EC0-301F-11D3-BF4B-00C04F79EFBC}") = "Tests", "Tests\Tests.csproj", "{6DDCB4E9-E582-443A-A2C6-A1342DC164D1}"
EndProject
Project("{FAE04EC0-301F-11D3-BF4B-00C04F79EFBC}") = "Tables", "Tables\Tables.csproj", "{506E222C-D516-4EF3-A11E-96683A2B7CA1}"
EndProject
Project("{FAE04EC0-301F-11D3-BF4B-00C04F79EFBC}") = "Repository", "Repository\Repository.csproj", "{5BB80CF2-327F-4FEF-A571-4140570D62E0}"
EndProject
Project("{FAE04EC0-301F-11D3-BF4B-00C04F79EFBC}") = "Server", "Server\Server.csproj", "{6DD79252-A051-4E75-B81C-F57589AD2E9A}"
EndProject
Project("{FAE04EC0-301F-11D3-BF4B-00C04F79EFBC}") = "Client", "Client\Client.csproj", "{A136228B-0816-4776-A4FB-7D279B0BE799}"
EndProject
Global
	GlobalSection(SolutionConfigurationPlatforms) = preSolution
		Debug|Any CPU = Debug|Any CPU
		Release|Any CPU = Release|Any CPU
	EndGlobalSection
	GlobalSection(ProjectConfigurationPlatforms) = postSolution
		{12B85A96-7FD5-4018-89B5-E7C123251DA2}.Debug|Any CPU.ActiveCfg = Debug|Any CPU
		{12B85A96-7FD5-4018-89B5-E7C123251DA2}.Debug|Any CPU.Build.0 = Debug|Any CPU
		{12B85A96-7FD5-4018-89B5-E7C123251DA2}.Release|Any CPU.ActiveCfg = Release|Any CPU
		{12B85A96-7FD5-4018-89B5-E7C123251DA2}.Release|Any CPU.Build.0 = Release|Any CPU
		{6DDCB4E9-E582-443A-A2C6-A1342DC164D1}.Debug|Any CPU.ActiveCfg = Debug|Any CPU
		{6DDCB4E9-E582-443A-A2C6-A1342DC164D1}.Debug|Any CPU.Build.0 = Debug|Any CPU
		{6DDCB4E9-E582-443A-A2C6-A1342DC164D1}.Release|Any CPU.ActiveCfg = Release|Any CPU
		{6DDCB4E9-E582-443A-A2C6-A1342DC164D1}.Release|Any CPU.Build.0 = Release|Any CPU
		{506E222C-D516-4EF3-A11E-96683A2B7CA1}.Debug|Any CPU.ActiveCfg = Debug|Any CPU
		{506E222C-D516-4EF3-A11E-96683A2B7CA1}.Debug|Any CPU.Build.0 = Debug|Any CPU
		{506E222C-D516-4EF3-A11E-96683A2B7CA1}.Release|Any CPU.ActiveCfg = Release|Any CPU
		{506E222C-D516-4EF3-A11E-96683A2B7CA1}.Release|Any CPU.Build.0 = Release|Any CPU
		{5BB80CF2-327F-4FEF-A571-4140570D62E0}.Debug|Any CPU.ActiveCfg = Debug|Any CPU
		{5BB80CF2-327F-4FEF-A571-4140570D62E0}.Debug|Any CPU.Build.0 = Debug|Any CPU
		{5BB80CF2-327F-4FEF-A571-4140570D62E0}.Release|Any CPU.ActiveCfg = Release|Any CPU
		{5BB80CF2-327F-4FEF-A571-4140570D62E0}.Release|Any CPU.Build.0 = Release|Any CPU
		{6DD79252-A051-4E75-B81C-F57589AD2E9A}.Debug|Any CPU.ActiveCfg = Debug|Any CPU
		{6DD79252-A051-4E75-B81C-F57589AD2E9A}.Debug|Any CPU.Build.0 = Debug|Any CPU
		{6DD79252-A051-4E75-B81C-F57589AD2E9A}.Release|Any CPU.ActiveCfg = Release|Any CPU
		{6DD79252-A051-4E75-B81C-F57589AD2E9A}.Release|Any CPU.Build.0 = Release|Any CPU
		{A136228B-0816-4776-A4FB-7D279B0BE799}.Debug|Any CPU.ActiveCfg = Debug|Any CPU
		{A136228B-0816-4776-A4FB-7D279B0BE799}.Debug|Any CPU.Build.0 = Debug|Any CPU
		{A136228B-0816-4776-A4FB-7D279B0BE799}.Release|Any CPU.ActiveCfg = Release|Any CPU
		{A136228B-0816-4776-A4FB-7D279B0BE799}.Release|Any CPU.Build.0 = Release|Any CPU
	EndGlobalSection
	GlobalSection(SolutionProperties) = preSolution
		HideSolutionNode = FALSE
	EndGlobalSection
	GlobalSection(NestedProjects) = preSolution
		{6DDCB4E9-E582-443A-A2C6-A1342DC164D1} = {9541540F-988D-48A5-A106-3F45B523082E}
		{506E222C-D516-4EF3-A11E-96683A2B7CA1} = {9541540F-988D-48A5-A106-3F45B523082E}
		{5BB80CF2-327F-4FEF-A571-4140570D62E0} = {9541540F-988D-48A5-A106-3F45B523082E}
	EndGlobalSection
	GlobalSection(ExtensibilityGlobals) = postSolution
		SolutionGuid = {DDF01227-9786-46BB-B26F-53714149ADE4}
	EndGlobalSection
EndGlobal
